
Microsoft Visual Studio Solution File, Format Version 12.00
# Visual Studio Version 17
VisualStudioVersion = 17.14.36518.9 d17.14
MinimumVisualStudioVersion = 10.0.40219.1
Project("{FAE04EC0-301F-11D3-BF4B-00C04F79EFBC}") = "ShalabySweets.InventoryManagement", "ShalabySweets.InventoryManagement\ShalabySweets.InventoryManagement.csproj", "{D0DC38FC-C1A4-400A-83A4-023D89B714BE}"
EndProject
Global
	GlobalSection(SolutionConfigurationPlatforms) = preSolution
		Debug|Any CPU = Debug|Any CPU
		Release|Any CPU = Release|Any CPU
	EndGlobalSection
	GlobalSection(ProjectConfigurationPlatforms) = postSolution
		{D0DC38FC-C1A4-400A-83A4-023D89B714BE}.Debug|Any CPU.ActiveCfg = Debug|Any CPU
		{D0DC38FC-C1A4-400A-83A4-023D89B714BE}.Debug|Any CPU.Build.0 = Debug|Any CPU
		{D0DC38FC-C1A4-400A-83A4-023D89B714BE}.Release|Any CPU.ActiveCfg = Release|Any CPU
		{D0DC38FC-C1A4-400A-83A4-023D89B714BE}.Release|Any CPU.Build.0 = Release|Any CPU
	EndGlobalSection
	GlobalSection(SolutionProperties) = preSolution
		HideSolutionNode = FALSE
	EndGlobalSection
	GlobalSection(ExtensibilityGlobals) = postSolution
		SolutionGuid = {AC22DAE4-08A2-49C0-8A3D-FA268374A79B}
	EndGlobalSection
EndGlobal
